
Microsoft Visual Studio Solution File, Format Version 12.00
# Visual Studio Version 17
VisualStudioVersion = 17.5.33530.505
MinimumVisualStudioVersion = 10.0.40219.1
Project("{9A19103F-16F7-4668-BE54-9A1E7A4F7556}") = "dotnet7-mvc", "dotnet7-mvc\dotnet7-mvc.csproj", "{75CA1D61-8A11-4814-B127-C71B6EEEDC91}"
EndProject
Project("{FAE04EC0-301F-11D3-BF4B-00C04F79EFBC}") = "dotnet48-mvc", "dotnet48-mvc\dotnet48-mvc.csproj", "{03EF84BE-A972-46AD-B6A6-0E1846555C97}"
EndProject
Global
	GlobalSection(SolutionConfigurationPlatforms) = preSolution
		Debug|Any CPU = Debug|Any CPU
		Release|Any CPU = Release|Any CPU
	EndGlobalSection
	GlobalSection(ProjectConfigurationPlatforms) = postSolution
		{75CA1D61-8A11-4814-B127-C71B6EEEDC91}.Debug|Any CPU.ActiveCfg = Debug|Any CPU
		{75CA1D61-8A11-4814-B127-C71B6EEEDC91}.Debug|Any CPU.Build.0 = Debug|Any CPU
		{75CA1D61-8A11-4814-B127-C71B6EEEDC91}.Release|Any CPU.ActiveCfg = Release|Any CPU
		{75CA1D61-8A11-4814-B127-C71B6EEEDC91}.Release|Any CPU.Build.0 = Release|Any CPU
		{03EF84BE-A972-46AD-B6A6-0E1846555C97}.Debug|Any CPU.ActiveCfg = Debug|Any CPU
		{03EF84BE-A972-46AD-B6A6-0E1846555C97}.Debug|Any CPU.Build.0 = Debug|Any CPU
		{03EF84BE-A972-46AD-B6A6-0E1846555C97}.Release|Any CPU.ActiveCfg = Release|Any CPU
		{03EF84BE-A972-46AD-B6A6-0E1846555C97}.Release|Any CPU.Build.0 = Release|Any CPU
	EndGlobalSection
	GlobalSection(SolutionProperties) = preSolution
		HideSolutionNode = FALSE
	EndGlobalSection
	GlobalSection(ExtensibilityGlobals) = postSolution
		SolutionGuid = {135D5CB9-F3F9-43D4-8493-3300AD6C93B9}
	EndGlobalSection
EndGlobal
